{
    "_readme": [
        "This file locks the dependencies of your project to a known state",
        "Read more about it at https://getcomposer.org/doc/01-basic-usage.md#composer-lock-the-lock-file",
        "This file is @generated automatically"
    ],
    "hash": "5938235fb378ecf6a653a97154a94f57",
    "content-hash": "7cd942299a3f9718f676e730dcb42286",
    "packages": [
        {
            "name": "mongodb/mongodb",
            "version": "1.0.1",
            "source": {
                "type": "git",
                "url": "https://github.com/mongodb/mongo-php-library.git",
                "reference": "6093d68c06bebcc5361b9e49178725efd9182ed4"
            },
            "dist": {
                "type": "zip",
                "url": "https://api.github.com/repos/mongodb/mongo-php-library/zipball/6093d68c06bebcc5361b9e49178725efd9182ed4",
                "reference": "6093d68c06bebcc5361b9e49178725efd9182ed4",
                "shasum": ""
            },
            "require": {
                "ext-mongodb": "^1.1.0",
                "php": ">=5.4"
            },
            "type": "library",
            "extra": {
                "branch-alias": {
                    "dev-master": "1.0.x-dev"
                }
            },
            "autoload": {
                "psr-4": {
                    "MongoDB\\": "src/"
                },
                "files": [
                    "src/functions.php"
                ]
            },
            "notification-url": "https://packagist.org/downloads/",
            "license": [
                "Apache-2.0"
            ],
            "authors": [
                {
                    "name": "Jeremy Mikola",
                    "email": "jmikola@gmail.com"
                },
                {
                    "name": "Hannes Magnusson",
                    "email": "bjori@mongodb.com"
                },
                {
                    "name": "Derick Rethans",
                    "email": "github@derickrethans.nl"
                }
            ],
            "description": "MongoDB driver library",
            "homepage": "https://jira.mongodb.org/browse/PHPLIB",
            "keywords": [
                "database",
                "driver",
                "mongodb",
                "persistence"
            ],
            "time": "2016-03-04 20:27:01"
        },
        {
            "name": "nmred/kafka-php",
            "version": "v0.1.5",
            "source": {
                "type": "git",
                "url": "https://github.com/nmred/kafka-php.git",
                "reference": "317ad8c208684db8b9e6d2f5bf7f471e89a8b4eb"
            },
            "dist": {
                "type": "zip",
                "url": "https://api.github.com/repos/nmred/kafka-php/zipball/317ad8c208684db8b9e6d2f5bf7f471e89a8b4eb",
                "reference": "317ad8c208684db8b9e6d2f5bf7f471e89a8b4eb",
                "shasum": ""
            },
            "require": {
                "php": ">=5.3.3"
            },
            "require-dev": {
                "phpunit/phpcov": "*",
                "phpunit/phpunit": "~4.0",
                "satooshi/php-coveralls": "dev-master"
            },
            "type": "library",
            "autoload": {
                "psr-0": {
                    "Kafka\\": "src/"
                }
            },
            "notification-url": "https://packagist.org/downloads/",
            "license": [
                "BSD-3-Clause"
            ],
            "description": "Kafka client for php",
            "homepage": "http://www.swanlinux.net",
            "keywords": [
                "client",
                "kafka"
            ],
            "time": "2015-12-02 12:06:23"
        }
    ],
    "packages-dev": [],
    "aliases": [],
    "minimum-stability": "stable",
    "stability-flags": [],
    "prefer-stable": false,
    "prefer-lowest": false,
    "platform": [],
    "platform-dev": []
}
